
Microsoft Visual Studio Solution File, Format Version 12.00
# Visual Studio 2013
VisualStudioVersion = 12.0.31101.0
MinimumVisualStudioVersion = 10.0.40219.1
Project("{FAE04EC0-301F-11D3-BF4B-00C04F79EFBC}") = "Combinators", "Combinators\Combinators.csproj", "{37582152-7D31-42D8-86CF-6D2B9E691817}"
EndProject
Project("{FAE04EC0-301F-11D3-BF4B-00C04F79EFBC}") = "Combinators.Test", "Combinators.Test\Combinators.Test.csproj", "{C9FAE5B2-9A24-4759-B66A-ACA4843A4CDD}"
EndProject
Global
	GlobalSection(SolutionConfigurationPlatforms) = preSolution
		Debug|Any CPU = Debug|Any CPU
		Release|Any CPU = Release|Any CPU
	EndGlobalSection
	GlobalSection(ProjectConfigurationPlatforms) = postSolution
		{37582152-7D31-42D8-86CF-6D2B9E691817}.Debug|Any CPU.ActiveCfg = Debug|Any CPU
		{37582152-7D31-42D8-86CF-6D2B9E691817}.Debug|Any CPU.Build.0 = Debug|Any CPU
		{37582152-7D31-42D8-86CF-6D2B9E691817}.Release|Any CPU.ActiveCfg = Release|Any CPU
		{37582152-7D31-42D8-86CF-6D2B9E691817}.Release|Any CPU.Build.0 = Release|Any CPU
		{C9FAE5B2-9A24-4759-B66A-ACA4843A4CDD}.Debug|Any CPU.ActiveCfg = Debug|Any CPU
		{C9FAE5B2-9A24-4759-B66A-ACA4843A4CDD}.Debug|Any CPU.Build.0 = Debug|Any CPU
		{C9FAE5B2-9A24-4759-B66A-ACA4843A4CDD}.Release|Any CPU.ActiveCfg = Release|Any CPU
		{C9FAE5B2-9A24-4759-B66A-ACA4843A4CDD}.Release|Any CPU.Build.0 = Release|Any CPU
	EndGlobalSection
	GlobalSection(SolutionProperties) = preSolution
		HideSolutionNode = FALSE
	EndGlobalSection
EndGlobal
